
Microsoft Visual Studio Solution File, Format Version 12.00
# Visual Studio Version 16
VisualStudioVersion = 16.0.28922.388
MinimumVisualStudioVersion = 10.0.40219.1
Project("{FAE04EC0-301F-11D3-BF4B-00C04F79EFBC}") = "MMAExcel", "LungolarioMM\MMAExcel.csproj", "{BAC92F3A-55A2-43B0-876F-663355BEEC79}"
EndProject
Project("{FAE04EC0-301F-11D3-BF4B-00C04F79EFBC}") = "UnitTests", "UnitTests\UnitTests.csproj", "{A322F856-79DB-404F-BC96-026F7B85D72B}"
EndProject
Global
	GlobalSection(SolutionConfigurationPlatforms) = preSolution
		Debug|Any CPU = Debug|Any CPU
		Release|Any CPU = Release|Any CPU
	EndGlobalSection
	GlobalSection(ProjectConfigurationPlatforms) = postSolution
		{BAC92F3A-55A2-43B0-876F-663355BEEC79}.Debug|Any CPU.ActiveCfg = Debug|Any CPU
		{BAC92F3A-55A2-43B0-876F-663355BEEC79}.Debug|Any CPU.Build.0 = Debug|Any CPU
		{BAC92F3A-55A2-43B0-876F-663355BEEC79}.Release|Any CPU.ActiveCfg = Release|Any CPU
		{BAC92F3A-55A2-43B0-876F-663355BEEC79}.Release|Any CPU.Build.0 = Release|Any CPU
		{A322F856-79DB-404F-BC96-026F7B85D72B}.Debug|Any CPU.ActiveCfg = Debug|Any CPU
		{A322F856-79DB-404F-BC96-026F7B85D72B}.Debug|Any CPU.Build.0 = Debug|Any CPU
		{A322F856-79DB-404F-BC96-026F7B85D72B}.Release|Any CPU.ActiveCfg = Release|Any CPU
		{A322F856-79DB-404F-BC96-026F7B85D72B}.Release|Any CPU.Build.0 = Release|Any CPU
	EndGlobalSection
	GlobalSection(SolutionProperties) = preSolution
		HideSolutionNode = FALSE
	EndGlobalSection
	GlobalSection(ExtensibilityGlobals) = postSolution
		SolutionGuid = {124A0453-5748-48A0-AF5D-001A163E217D}
	EndGlobalSection
EndGlobal
